
Microsoft Visual Studio Solution File, Format Version 12.00
# Visual Studio Version 17
VisualStudioVersion = 17.6.33829.357
MinimumVisualStudioVersion = 10.0.40219.1
Project("{2150E333-8FDC-42A3-9474-1A3956D46DE8}") = "References", "References", "{14909225-933D-42FF-AB30-96019F2CF7B1}"
	ProjectSection(SolutionItems) = preProject
		References\cds_banking.json = References\cds_banking.json
	EndProjectSection
EndProject
Project("{FAE04EC0-301F-11D3-BF4B-00C04F79EFBC}") = "BigPurpleBank.Banking.Products.FuntionApp", "BigPurpleBank.Banking.Products.FuntionApp\BigPurpleBank.Banking.Products.FuntionApp.csproj", "{F8967854-9FFF-4016-95F5-4075E374D74C}"
EndProject
Project("{FAE04EC0-301F-11D3-BF4B-00C04F79EFBC}") = "BigPurpleBank.Banking.Products.FuntionAppTests", "BigPurpleBank.Banking.Products.FuntionAppTests\BigPurpleBank.Banking.Products.FuntionAppTests.csproj", "{112804D4-BBF7-4D63-83E0-F1EF335675BD}"
EndProject
Global
	GlobalSection(SolutionConfigurationPlatforms) = preSolution
		Debug|Any CPU = Debug|Any CPU
		Release|Any CPU = Release|Any CPU
	EndGlobalSection
	GlobalSection(ProjectConfigurationPlatforms) = postSolution
		{F8967854-9FFF-4016-95F5-4075E374D74C}.Debug|Any CPU.ActiveCfg = Debug|Any CPU
		{F8967854-9FFF-4016-95F5-4075E374D74C}.Debug|Any CPU.Build.0 = Debug|Any CPU
		{F8967854-9FFF-4016-95F5-4075E374D74C}.Release|Any CPU.ActiveCfg = Release|Any CPU
		{F8967854-9FFF-4016-95F5-4075E374D74C}.Release|Any CPU.Build.0 = Release|Any CPU
		{112804D4-BBF7-4D63-83E0-F1EF335675BD}.Debug|Any CPU.ActiveCfg = Debug|Any CPU
		{112804D4-BBF7-4D63-83E0-F1EF335675BD}.Debug|Any CPU.Build.0 = Debug|Any CPU
		{112804D4-BBF7-4D63-83E0-F1EF335675BD}.Release|Any CPU.ActiveCfg = Release|Any CPU
		{112804D4-BBF7-4D63-83E0-F1EF335675BD}.Release|Any CPU.Build.0 = Release|Any CPU
	EndGlobalSection
	GlobalSection(SolutionProperties) = preSolution
		HideSolutionNode = FALSE
	EndGlobalSection
	GlobalSection(ExtensibilityGlobals) = postSolution
		SolutionGuid = {6E4FFDD2-25A5-4B81-B561-9A9A71BD97CA}
	EndGlobalSection
EndGlobal
